
Microsoft Visual Studio Solution File, Format Version 12.00
# Visual Studio Version 17
VisualStudioVersion = 17.4.33205.214
MinimumVisualStudioVersion = 10.0.40219.1
Project("{FAE04EC0-301F-11D3-BF4B-00C04F79EFBC}") = "Searching App", "Searching App\Searching App.csproj", "{04B6B20B-7869-4493-90F6-18CBC84F5CEB}"
EndProject
Project("{FAE04EC0-301F-11D3-BF4B-00C04F79EFBC}") = "Testbed Interface V2", "Testbed Interface V2\Testbed Interface V2.csproj", "{2EDE469F-6C56-4ACE-9471-6A9E688E6A95}"
EndProject
Project("{FAE04EC0-301F-11D3-BF4B-00C04F79EFBC}") = "Operation Generate", "Operation\Operation Generate.csproj", "{4E7F86D4-B686-4220-A55E-A5BFD1F193DB}"
EndProject
Global
	GlobalSection(SolutionConfigurationPlatforms) = preSolution
		Debug|Any CPU = Debug|Any CPU
		Release|Any CPU = Release|Any CPU
	EndGlobalSection
	GlobalSection(ProjectConfigurationPlatforms) = postSolution
		{04B6B20B-7869-4493-90F6-18CBC84F5CEB}.Debug|Any CPU.ActiveCfg = Debug|Any CPU
		{04B6B20B-7869-4493-90F6-18CBC84F5CEB}.Debug|Any CPU.Build.0 = Debug|Any CPU
		{04B6B20B-7869-4493-90F6-18CBC84F5CEB}.Release|Any CPU.ActiveCfg = Release|Any CPU
		{04B6B20B-7869-4493-90F6-18CBC84F5CEB}.Release|Any CPU.Build.0 = Release|Any CPU
		{2EDE469F-6C56-4ACE-9471-6A9E688E6A95}.Debug|Any CPU.ActiveCfg = Debug|Any CPU
		{2EDE469F-6C56-4ACE-9471-6A9E688E6A95}.Debug|Any CPU.Build.0 = Debug|Any CPU
		{2EDE469F-6C56-4ACE-9471-6A9E688E6A95}.Release|Any CPU.ActiveCfg = Release|Any CPU
		{2EDE469F-6C56-4ACE-9471-6A9E688E6A95}.Release|Any CPU.Build.0 = Release|Any CPU
		{4E7F86D4-B686-4220-A55E-A5BFD1F193DB}.Debug|Any CPU.ActiveCfg = Debug|Any CPU
		{4E7F86D4-B686-4220-A55E-A5BFD1F193DB}.Debug|Any CPU.Build.0 = Debug|Any CPU
		{4E7F86D4-B686-4220-A55E-A5BFD1F193DB}.Release|Any CPU.ActiveCfg = Release|Any CPU
		{4E7F86D4-B686-4220-A55E-A5BFD1F193DB}.Release|Any CPU.Build.0 = Release|Any CPU
	EndGlobalSection
	GlobalSection(SolutionProperties) = preSolution
		HideSolutionNode = FALSE
	EndGlobalSection
	GlobalSection(ExtensibilityGlobals) = postSolution
		SolutionGuid = {2B9D1457-F373-404B-ABE0-24D3E3C0AA6F}
	EndGlobalSection
EndGlobal
